schema: '2.0'
stages:
  get_data:
    cmd: python scripts/data.py
    deps:
    - path: scripts/data.py
      hash: md5
      md5: 0cb91ccf334d3a8c724bcfb33d59cc59
      size: 1495
    params:
      params.yaml:
        index_col: customer_id
    outs:
    - path: data/initial_data.csv
      hash: md5
      md5: 9fd25519d819cf82b23dab82662dc39a
      size: 822095
      cloud:
        my_storage:
          etag: 9fd25519d819cf82b23dab82662dc39a
          version_id: 000637783DCD2FB8
  fit_model:
    cmd: python scripts/fit.py
    deps:
    - path: data/initial_data.csv
      hash: md5
      md5: 9fd25519d819cf82b23dab82662dc39a
      size: 822095
    - path: scripts/fit.py
      hash: md5
      md5: ff9ce8eb83a5755e82ac60ff95f3f566
      size: 2141
    params:
      params.yaml:
        C: 1
        auto_class_weights: Balanced
        index_col: customer_id
        one_hot_drop: if_binary
        penalty: l2
        target_col: target
    outs:
    - path: models/fitted_model.pkl
      hash: md5
      md5: 84bbcf33dbe81c169bda573d96992932
      size: 11870
  evaluate_model:
    cmd: python scripts/evaluate.py
    deps:
    - path: models/fitted_model.pkl
      hash: md5
      md5: 84bbcf33dbe81c169bda573d96992932
      size: 11870
    - path: scripts/evaluate.py
      hash: md5
      md5: 368d257dc0a2e739fbcd2be00e42867b
      size: 1428
    params:
      params.yaml:
        index_col: customer_id
        metrics:
        - f1
        - roc_auc
        n_jobs: -1
        n_splits: 5
        target_col: target
    outs:
    - path: cv_results/cv_res.json
      hash: md5
      md5: 3f6e97ed1d420a17db6de9a9417f1826
      size: 77
