schema: '2.0'
stages:
  get_data:
    cmd: python scripts/data.py
    deps:
    - path: scripts/data.py
      hash: md5
      md5: 0cb91ccf334d3a8c724bcfb33d59cc59
      size: 1495
    params:
      params.yaml:
        index_col: customer_id
    outs:
    - path: data/initial_data.csv
      hash: md5
      md5: 9fd25519d819cf82b23dab82662dc39a
      size: 822095
      cloud:
        my_storage:
          etag: 9fd25519d819cf82b23dab82662dc39a
          version_id: 000637783DCD2FB8
  fit_model:
    cmd: python scripts/fit.py
    deps:
    - path: data/initial_data.csv
      hash: md5
      md5: 9fd25519d819cf82b23dab82662dc39a
      size: 822095
    - path: scripts/fit.py
      hash: md5
      md5: b0a62d02f9472793266c2a6a2f873e7a
      size: 2124
    params:
      params.yaml:
        auto_class_weights: Balanced
        index_col: customer_id
        one_hot_drop: if_binary
        target_col: target
    outs:
    - path: models/fitted_model.pkl
      hash: md5
      md5: 9815fb75c7a5000622e14bcc491a4af8
      size: 1100687
      cloud:
        my_storage:
          etag: 9815fb75c7a5000622e14bcc491a4af8
          version_id: 000637783DCE6E50
  evaluate_model:
    cmd: python scripts/evaluate.py
    deps:
    - path: models/fitted_model.pkl
      hash: md5
      md5: 9815fb75c7a5000622e14bcc491a4af8
      size: 1100687
    - path: scripts/evaluate.py
      hash: md5
      md5: 368d257dc0a2e739fbcd2be00e42867b
      size: 1428
    params:
      params.yaml:
        index_col: customer_id
        metrics:
        - f1
        - roc_auc
        n_jobs: -1
        n_splits: 5
        target_col: target
    outs:
    - path: cv_results/cv_res.json
      hash: md5
      md5: ef84cc4b37d1973ac0cf4287fc691c0c
      size: 76
      cloud:
        my_storage:
          etag: ef84cc4b37d1973ac0cf4287fc691c0c
          version_id: 000637783DCDF0E4
